
Microsoft Visual Studio Solution File, Format Version 12.00
# Visual Studio 15
VisualStudioVersion = 15.0.27004.2006
MinimumVisualStudioVersion = 10.0.40219.1
Project("{9A19103F-16F7-4668-BE54-9A1E7A4F7556}") = "MtB.Communication", "MtB\MtB.Communication.csproj", "{58DD9AA2-8D79-484D-88AC-2EDE2DA96F3D}"
EndProject
Project("{9A19103F-16F7-4668-BE54-9A1E7A4F7556}") = "MtB.Tests.Communication", "MtB.Tests\MtB.Tests.Communication.csproj", "{520800B6-24E9-402C-9F25-A3857AA5CDB2}"
EndProject
Project("{9A19103F-16F7-4668-BE54-9A1E7A4F7556}") = "MtB.BuddyList", "MtB.BuddyList\MtB.BuddyList.csproj", "{E495CE9A-BDD0-4E66-A1F0-DB220DAC056F}"
EndProject
Project("{9A19103F-16F7-4668-BE54-9A1E7A4F7556}") = "MtB.Tests.BuddyList", "MtB.BuddyList.Tests\MtB.Tests.BuddyList.csproj", "{C7233746-1F88-4417-AB19-7B3FFA7BDAEE}"
EndProject
Project("{9A19103F-16F7-4668-BE54-9A1E7A4F7556}") = "MtB.Repository", "MtB.Repository\MtB.Repository.csproj", "{77F77A76-73AA-4B9D-BF90-811CA24E7276}"
EndProject
Project("{9A19103F-16F7-4668-BE54-9A1E7A4F7556}") = "MtB.Tests.Repository", "MtB.Repository.Tests\MtB.Tests.Repository.csproj", "{F5067FE8-3FDB-4E14-89A7-4DD3EA775407}"
EndProject
Project("{9A19103F-16F7-4668-BE54-9A1E7A4F7556}") = "MtB.CommonValueObjects", "MtB.CommonValueObjects\MtB.CommonValueObjects.csproj", "{970DCC3F-F1B7-4999-A94B-369D7574452F}"
EndProject
Project("{9A19103F-16F7-4668-BE54-9A1E7A4F7556}") = "MtB.Tests.EndToEnd", "MtB.EndToEndTests\MtB.Tests.EndToEnd.csproj", "{710544F8-1C30-4EE4-9662-B556E848A4DD}"
EndProject
Project("{9A19103F-16F7-4668-BE54-9A1E7A4F7556}") = "MtB.Web", "MtB.Web\MtB.Web.csproj", "{60831E3F-B0D4-40DC-A0C5-D48B10CC5EA0}"
EndProject
Project("{9A19103F-16F7-4668-BE54-9A1E7A4F7556}") = "MtB.Tests.DbUtilities", "MtB.DbTestUtilities\MtB.Tests.DbUtilities.csproj", "{C1CF6323-4E35-45E8-8EA3-AE1B3C76033F}"
EndProject
Project("{FAE04EC0-301F-11D3-BF4B-00C04F79EFBC}") = "MtB.PlayRequests", "MtB.PlayRequests\MtB.PlayRequests.csproj", "{1E01CF68-2B3C-47FC-9C2E-AAB7833DB5E2}"
EndProject
Global
	GlobalSection(SolutionConfigurationPlatforms) = preSolution
		Debug|Any CPU = Debug|Any CPU
		Release|Any CPU = Release|Any CPU
	EndGlobalSection
	GlobalSection(ProjectConfigurationPlatforms) = postSolution
		{58DD9AA2-8D79-484D-88AC-2EDE2DA96F3D}.Debug|Any CPU.ActiveCfg = Debug|Any CPU
		{58DD9AA2-8D79-484D-88AC-2EDE2DA96F3D}.Debug|Any CPU.Build.0 = Debug|Any CPU
		{58DD9AA2-8D79-484D-88AC-2EDE2DA96F3D}.Release|Any CPU.ActiveCfg = Release|Any CPU
		{58DD9AA2-8D79-484D-88AC-2EDE2DA96F3D}.Release|Any CPU.Build.0 = Release|Any CPU
		{520800B6-24E9-402C-9F25-A3857AA5CDB2}.Debug|Any CPU.ActiveCfg = Debug|Any CPU
		{520800B6-24E9-402C-9F25-A3857AA5CDB2}.Debug|Any CPU.Build.0 = Debug|Any CPU
		{520800B6-24E9-402C-9F25-A3857AA5CDB2}.Release|Any CPU.ActiveCfg = Release|Any CPU
		{520800B6-24E9-402C-9F25-A3857AA5CDB2}.Release|Any CPU.Build.0 = Release|Any CPU
		{E495CE9A-BDD0-4E66-A1F0-DB220DAC056F}.Debug|Any CPU.ActiveCfg = Debug|Any CPU
		{E495CE9A-BDD0-4E66-A1F0-DB220DAC056F}.Debug|Any CPU.Build.0 = Debug|Any CPU
		{E495CE9A-BDD0-4E66-A1F0-DB220DAC056F}.Release|Any CPU.ActiveCfg = Release|Any CPU
		{E495CE9A-BDD0-4E66-A1F0-DB220DAC056F}.Release|Any CPU.Build.0 = Release|Any CPU
		{C7233746-1F88-4417-AB19-7B3FFA7BDAEE}.Debug|Any CPU.ActiveCfg = Debug|Any CPU
		{C7233746-1F88-4417-AB19-7B3FFA7BDAEE}.Debug|Any CPU.Build.0 = Debug|Any CPU
		{C7233746-1F88-4417-AB19-7B3FFA7BDAEE}.Release|Any CPU.ActiveCfg = Release|Any CPU
		{C7233746-1F88-4417-AB19-7B3FFA7BDAEE}.Release|Any CPU.Build.0 = Release|Any CPU
		{77F77A76-73AA-4B9D-BF90-811CA24E7276}.Debug|Any CPU.ActiveCfg = Debug|Any CPU
		{77F77A76-73AA-4B9D-BF90-811CA24E7276}.Debug|Any CPU.Build.0 = Debug|Any CPU
		{77F77A76-73AA-4B9D-BF90-811CA24E7276}.Release|Any CPU.ActiveCfg = Release|Any CPU
		{77F77A76-73AA-4B9D-BF90-811CA24E7276}.Release|Any CPU.Build.0 = Release|Any CPU
		{F5067FE8-3FDB-4E14-89A7-4DD3EA775407}.Debug|Any CPU.ActiveCfg = Debug|Any CPU
		{F5067FE8-3FDB-4E14-89A7-4DD3EA775407}.Debug|Any CPU.Build.0 = Debug|Any CPU
		{F5067FE8-3FDB-4E14-89A7-4DD3EA775407}.Release|Any CPU.ActiveCfg = Release|Any CPU
		{F5067FE8-3FDB-4E14-89A7-4DD3EA775407}.Release|Any CPU.Build.0 = Release|Any CPU
		{970DCC3F-F1B7-4999-A94B-369D7574452F}.Debug|Any CPU.ActiveCfg = Debug|Any CPU
		{970DCC3F-F1B7-4999-A94B-369D7574452F}.Debug|Any CPU.Build.0 = Debug|Any CPU
		{970DCC3F-F1B7-4999-A94B-369D7574452F}.Release|Any CPU.ActiveCfg = Release|Any CPU
		{970DCC3F-F1B7-4999-A94B-369D7574452F}.Release|Any CPU.Build.0 = Release|Any CPU
		{710544F8-1C30-4EE4-9662-B556E848A4DD}.Debug|Any CPU.ActiveCfg = Debug|Any CPU
		{710544F8-1C30-4EE4-9662-B556E848A4DD}.Debug|Any CPU.Build.0 = Debug|Any CPU
		{710544F8-1C30-4EE4-9662-B556E848A4DD}.Release|Any CPU.ActiveCfg = Release|Any CPU
		{710544F8-1C30-4EE4-9662-B556E848A4DD}.Release|Any CPU.Build.0 = Release|Any CPU
		{60831E3F-B0D4-40DC-A0C5-D48B10CC5EA0}.Debug|Any CPU.ActiveCfg = Debug|Any CPU
		{60831E3F-B0D4-40DC-A0C5-D48B10CC5EA0}.Debug|Any CPU.Build.0 = Debug|Any CPU
		{60831E3F-B0D4-40DC-A0C5-D48B10CC5EA0}.Release|Any CPU.ActiveCfg = Release|Any CPU
		{60831E3F-B0D4-40DC-A0C5-D48B10CC5EA0}.Release|Any CPU.Build.0 = Release|Any CPU
		{C1CF6323-4E35-45E8-8EA3-AE1B3C76033F}.Debug|Any CPU.ActiveCfg = Debug|Any CPU
		{C1CF6323-4E35-45E8-8EA3-AE1B3C76033F}.Debug|Any CPU.Build.0 = Debug|Any CPU
		{C1CF6323-4E35-45E8-8EA3-AE1B3C76033F}.Release|Any CPU.ActiveCfg = Release|Any CPU
		{C1CF6323-4E35-45E8-8EA3-AE1B3C76033F}.Release|Any CPU.Build.0 = Release|Any CPU
		{1E01CF68-2B3C-47FC-9C2E-AAB7833DB5E2}.Debug|Any CPU.ActiveCfg = Debug|Any CPU
		{1E01CF68-2B3C-47FC-9C2E-AAB7833DB5E2}.Debug|Any CPU.Build.0 = Debug|Any CPU
		{1E01CF68-2B3C-47FC-9C2E-AAB7833DB5E2}.Release|Any CPU.ActiveCfg = Release|Any CPU
		{1E01CF68-2B3C-47FC-9C2E-AAB7833DB5E2}.Release|Any CPU.Build.0 = Release|Any CPU
	EndGlobalSection
	GlobalSection(SolutionProperties) = preSolution
		HideSolutionNode = FALSE
	EndGlobalSection
	GlobalSection(ExtensibilityGlobals) = postSolution
		SolutionGuid = {378C785C-09A5-4E6D-8DC0-367C22111614}
	EndGlobalSection
EndGlobal
